<?xml version="1.0" encoding="utf-8"?>
<Project ToolsVersion="4.0" xmlns="http://schemas.microsoft.com/developer/msbuild/2003">
  <ItemGroup>
    <Filter Include="Source Files">
      <UniqueIdentifier>{4FC737F1-C7A5-4376-A066-2A32D752A2FF}</UniqueIdentifier>
      <Extensions>cpp;c;cc;cxx;def;odl;idl;hpj;bat;asm;asmx</Extensions>
    </Filter>
    <Filter Include="Header Files">
      <UniqueIdentifier>{93995380-89BD-4b04-88EB-625FBE52EBFB}</UniqueIdentifier>
      <Extensions>h;hpp;hxx;hm;inl;inc;xsd</Extensions>
    </Filter>
    <Filter Include="Resource Files">
      <UniqueIdentifier>{67DA6AB6-F800-4c08-8B7A-83BB121AAD01}</UniqueIdentifier>
      <Extensions>rc;ico;cur;bmp;dlg;rc2;rct;bin;rgs;gif;jpg;jpeg;jpe;resx;tiff;tif;png;wav;mfcribbon-ms</Extensions>
    </Filter>
    <Filter Include="Header Files\NewVer">
      <UniqueIdentifier>{1128b362-fb74-4c39-bb5c-964089fb6b52}</UniqueIdentifier>
    </Filter>
    <Filter Include="Header Files\NewVer\Graphic">
      <UniqueIdentifier>{145b382f-4ef4-4ef6-ba75-e8bf7ad92d7d}</UniqueIdentifier>
    </Filter>
    <Filter Include="Source Files\NewVer">
      <UniqueIdentifier>{088b962d-26bb-4fde-a6c9-4cf4e7aa1a6d}</UniqueIdentifier>
    </Filter>
    <Filter Include="Source Files\NewVer\Graphic">
      <UniqueIdentifier>{02827591-d635-4e32-8378-e46e419e0264}</UniqueIdentifier>
    </Filter>
    <Filter Include="Header Files\NewVer\AddonClasses">
      <UniqueIdentifier>{e38380b8-db8b-450e-bb15-6416d8c4d38b}</UniqueIdentifier>
    </Filter>
    <Filter Include="Source Files\NewVer\AddonClasses">
      <UniqueIdentifier>{cac5174e-574b-46b6-928b-7f7ccd7433a9}</UniqueIdentifier>
    </Filter>
    <Filter Include="Shaders">
      <UniqueIdentifier>{e91cfc0b-a41c-43d6-93de-91bb5ed27969}</UniqueIdentifier>
      <Extensions>hlsl</Extensions>
    </Filter>
  </ItemGroup>
  <ItemGroup>
    <ClCompile Include="Main.cpp">
      <Filter>Source Files</Filter>
    </ClCompile>
    <ClCompile Include="Camera.cpp">
      <Filter>Source Files\NewVer\Graphic</Filter>
    </ClCompile>
    <ClCompile Include="Device.cpp">
      <Filter>Source Files\NewVer\Graphic</Filter>
    </ClCompile>
    <ClCompile Include="Graphics.cpp">
      <Filter>Source Files\NewVer\Graphic</Filter>
    </ClCompile>
    <ClCompile Include="System.cpp">
      <Filter>Source Files\NewVer</Filter>
    </ClCompile>
    <ClCompile Include="Logger.cpp">
      <Filter>Source Files\NewVer\AddonClasses</Filter>
    </ClCompile>
    <ClCompile Include="InputClass.cpp">
      <Filter>Source Files\NewVer</Filter>
    </ClCompile>
    <ClCompile Include="MyMath.cpp">
      <Filter>Source Files\NewVer\AddonClasses</Filter>
    </ClCompile>
    <ClCompile Include="ModelClass.cpp">
      <Filter>Source Files\NewVer\Graphic</Filter>
    </ClCompile>
    <ClCompile Include="ColorShaderClass.cpp">
      <Filter>Source Files\NewVer\Graphic</Filter>
    </ClCompile>
    <ClCompile Include="TextureClass.cpp">
      <Filter>Source Files\NewVer\Graphic</Filter>
    </ClCompile>
    <ClCompile Include="TextureShaderClass.cpp">
      <Filter>Source Files\NewVer\Graphic</Filter>
    </ClCompile>
    <ClCompile Include="LightShaderClass.cpp">
      <Filter>Source Files\NewVer\Graphic</Filter>
    </ClCompile>
    <ClCompile Include="LightClass.cpp">
      <Filter>Source Files\NewVer\Graphic</Filter>
    </ClCompile>
    <ClCompile Include="BitmapClass.cpp">
      <Filter>Source Files\NewVer\Graphic</Filter>
    </ClCompile>
    <ClCompile Include="TextClass.cpp">
      <Filter>Source Files\NewVer\Graphic</Filter>
    </ClCompile>
    <ClCompile Include="FontClass.cpp">
      <Filter>Source Files\NewVer\Graphic</Filter>
    </ClCompile>
    <ClCompile Include="FontShaderClass.cpp">
      <Filter>Source Files\NewVer\Graphic</Filter>
    </ClCompile>
    <ClCompile Include="SoundClass.cpp">
      <Filter>Source Files\NewVer</Filter>
    </ClCompile>
  </ItemGroup>
  <ItemGroup>
    <ClInclude Include="InputClass.h">
      <Filter>Header Files\NewVer</Filter>
    </ClInclude>
    <ClInclude Include="Camera.h">
      <Filter>Header Files\NewVer\Graphic</Filter>
    </ClInclude>
    <ClInclude Include="Device.h">
      <Filter>Header Files\NewVer\Graphic</Filter>
    </ClInclude>
    <ClInclude Include="System.h">
      <Filter>Header Files\NewVer</Filter>
    </ClInclude>
    <ClInclude Include="MyMath.h">
      <Filter>Header Files\NewVer\AddonClasses</Filter>
    </ClInclude>
    <ClInclude Include="Logger.h">
      <Filter>Header Files\NewVer\AddonClasses</Filter>
    </ClInclude>
    <ClInclude Include="Singleton.h">
      <Filter>Header Files\NewVer\AddonClasses</Filter>
    </ClInclude>
    <ClInclude Include="GraphicClass.h">
      <Filter>Header Files\NewVer\Graphic</Filter>
    </ClInclude>
    <ClInclude Include="ModelClass.h">
      <Filter>Header Files\NewVer\Graphic</Filter>
    </ClInclude>
    <ClInclude Include="ColorShaderClass.h">
      <Filter>Header Files\NewVer\Graphic</Filter>
    </ClInclude>
    <ClInclude Include="TextureClass.h">
      <Filter>Header Files\NewVer\Graphic</Filter>
    </ClInclude>
    <ClInclude Include="TextureShaderClass.h">
      <Filter>Header Files\NewVer\Graphic</Filter>
    </ClInclude>
    <ClInclude Include="LightShaderClass.h">
      <Filter>Header Files\NewVer\Graphic</Filter>
    </ClInclude>
    <ClInclude Include="LightClass.h">
      <Filter>Header Files\NewVer\Graphic</Filter>
    </ClInclude>
    <ClInclude Include="BitmapClass.h">
      <Filter>Header Files\NewVer\Graphic</Filter>
    </ClInclude>
    <ClInclude Include="TextClass.h">
      <Filter>Header Files\NewVer\Graphic</Filter>
    </ClInclude>
    <ClInclude Include="FontClass.h">
      <Filter>Header Files\NewVer\Graphic</Filter>
    </ClInclude>
    <ClInclude Include="FontShaderClass.h">
      <Filter>Header Files\NewVer\Graphic</Filter>
    </ClInclude>
    <ClInclude Include="SoundClass.h">
      <Filter>Header Files\NewVer</Filter>
    </ClInclude>
  </ItemGroup>
  <ItemGroup>
    <Text Include="shaders.hlsl">
      <Filter>Shaders</Filter>
    </Text>
    <Text Include="data\cube..txt">
      <Filter>Resource Files</Filter>
    </Text>
  </ItemGroup>
  <ItemGroup>
    <FxCompile Include="Texture.hlsl">
      <Filter>Shaders</Filter>
    </FxCompile>
    <FxCompile Include="Light.hlsl">
      <Filter>Shaders</Filter>
    </FxCompile>
    <FxCompile Include="Font.hlsl">
      <Filter>Shaders</Filter>
    </FxCompile>
  </ItemGroup>
</Project>